// !$*UTF8*$!
{
	archiveVersion = 1;
	classes = {
	};
	objectVersion = 46;
	objects = {

/* Begin PBXBuildFile section */
		46894F56193DE86F0086269E /* Foundation.framework in Frameworks */ = {isa = PBXBuildFile; fileRef = 46894F55193DE86F0086269E /* Foundation.framework */; };
		46894F58193DE86F0086269E /* CoreGraphics.framework in Frameworks */ = {isa = PBXBuildFile; fileRef = 46894F57193DE86F0086269E /* CoreGraphics.framework */; };
		46894F5A193DE86F0086269E /* UIKit.framework in Frameworks */ = {isa = PBXBuildFile; fileRef = 46894F59193DE86F0086269E /* UIKit.framework */; };
		46894F60193DE86F0086269E /* InfoPlist.strings in Resources */ = {isa = PBXBuildFile; fileRef = 46894F5E193DE86F0086269E /* InfoPlist.strings */; };
		46894F62193DE86F0086269E /* main.m in Sources */ = {isa = PBXBuildFile; fileRef = 46894F61193DE86F0086269E /* main.m */; };
		46894F66193DE8700086269E /* AppDelegate.m in Sources */ = {isa = PBXBuildFile; fileRef = 46894F65193DE8700086269E /* AppDelegate.m */; };
		46894F69193DE8700086269E /* Main.storyboard in Resources */ = {isa = PBXBuildFile; fileRef = 46894F67193DE8700086269E /* Main.storyboard */; };
		46894F6C193DE8700086269E /* ViewController.m in Sources */ = {isa = PBXBuildFile; fileRef = 46894F6B193DE8700086269E /* ViewController.m */; };
		46894F6E193DE8700086269E /* Images.xcassets in Resources */ = {isa = PBXBuildFile; fileRef = 46894F6D193DE8700086269E /* Images.xcassets */; };
		46894F75193DE8700086269E /* XCTest.framework in Frameworks */ = {isa = PBXBuildFile; fileRef = 46894F74193DE8700086269E /* XCTest.framework */; };
		46894F76193DE8700086269E /* Foundation.framework in Frameworks */ = {isa = PBXBuildFile; fileRef = 46894F55193DE86F0086269E /* Foundation.framework */; };
		46894F77193DE8700086269E /* UIKit.framework in Frameworks */ = {isa = PBXBuildFile; fileRef = 46894F59193DE86F0086269E /* UIKit.framework */; };
		46894F7F193DE8700086269E /* InfoPlist.strings in Resources */ = {isa = PBXBuildFile; fileRef = 46894F7D193DE8700086269E /* InfoPlist.strings */; };
		46894F81193DE8700086269E /* BlocksDemoTests.m in Sources */ = {isa = PBXBuildFile; fileRef = 46894F80193DE8700086269E /* BlocksDemoTests.m */; };
		46894F8B193DE87F0086269E /* QuartzCore.framework in Frameworks */ = {isa = PBXBuildFile; fileRef = 46894F8A193DE87F0086269E /* QuartzCore.framework */; };
		46894F96193DE9E50086269E /* ball.png in Resources */ = {isa = PBXBuildFile; fileRef = 46894F8E193DE9E50086269E /* ball.png */; };
		46894F97193DE9E50086269E /* blue.png in Resources */ = {isa = PBXBuildFile; fileRef = 46894F8F193DE9E50086269E /* blue.png */; };
		46894F98193DE9E50086269E /* green.png in Resources */ = {isa = PBXBuildFile; fileRef = 46894F90193DE9E50086269E /* green.png */; };
		46894F99193DE9E50086269E /* paddle.png in Resources */ = {isa = PBXBuildFile; fileRef = 46894F91193DE9E50086269E /* paddle.png */; };
		46894F9A193DE9E50086269E /* red.png in Resources */ = {isa = PBXBuildFile; fileRef = 46894F92193DE9E50086269E /* red.png */; };
		46894F9B193DE9E50086269E /* yellow.png in Resources */ = {isa = PBXBuildFile; fileRef = 46894F93193DE9E50086269E /* yellow.png */; };
		46894F9C193DE9E50086269E /* background-music.caf in Resources */ = {isa = PBXBuildFile; fileRef = 46894F95193DE9E50086269E /* background-music.caf */; };
/* End PBXBuildFile section */

/* Begin PBXContainerItemProxy section */
		46894F78193DE8700086269E /* PBXContainerItemProxy */ = {
			isa = PBXContainerItemProxy;
			containerPortal = 46894F4A193DE86F0086269E /* Project object */;
			proxyType = 1;
			remoteGlobalIDString = 46894F51193DE86F0086269E;
			remoteInfo = BlocksDemo;
		};
/* End PBXContainerItemProxy section */

/* Begin PBXFileReference section */
		46894F52193DE86F0086269E /* BlocksDemo.app */ = {isa = PBXFileReference; explicitFileType = wrapper.application; includeInIndex = 0; path = BlocksDemo.app; sourceTree = BUILT_PRODUCTS_DIR; };
		46894F55193DE86F0086269E /* Foundation.framework */ = {isa = PBXFileReference; lastKnownFileType = wrapper.framework; name = Foundation.framework; path = System/Library/Frameworks/Foundation.framework; sourceTree = SDKROOT; };
		46894F57193DE86F0086269E /* CoreGraphics.framework */ = {isa = PBXFileReference; lastKnownFileType = wrapper.framework; name = CoreGraphics.framework; path = System/Library/Frameworks/CoreGraphics.framework; sourceTree = SDKROOT; };
		46894F59193DE86F0086269E /* UIKit.framework */ = {isa = PBXFileReference; lastKnownFileType = wrapper.framework; name = UIKit.framework; path = System/Library/Frameworks/UIKit.framework; sourceTree = SDKROOT; };
		46894F5D193DE86F0086269E /* BlocksDemo-Info.plist */ = {isa = PBXFileReference; lastKnownFileType = text.plist.xml; path = "BlocksDemo-Info.plist"; sourceTree = "<group>"; };
		46894F5F193DE86F0086269E /* en */ = {isa = PBXFileReference; lastKnownFileType = text.plist.strings; name = en; path = en.lproj/InfoPlist.strings; sourceTree = "<group>"; };
		46894F61193DE86F0086269E /* main.m */ = {isa = PBXFileReference; lastKnownFileType = sourcecode.c.objc; path = main.m; sourceTree = "<group>"; };
		46894F63193DE86F0086269E /* BlocksDemo-Prefix.pch */ = {isa = PBXFileReference; lastKnownFileType = sourcecode.c.h; path = "BlocksDemo-Prefix.pch"; sourceTree = "<group>"; };
		46894F64193DE8700086269E /* AppDelegate.h */ = {isa = PBXFileReference; lastKnownFileType = sourcecode.c.h; path = AppDelegate.h; sourceTree = "<group>"; };
		46894F65193DE8700086269E /* AppDelegate.m */ = {isa = PBXFileReference; lastKnownFileType = sourcecode.c.objc; path = AppDelegate.m; sourceTree = "<group>"; };
		46894F68193DE8700086269E /* Base */ = {isa = PBXFileReference; lastKnownFileType = file.storyboard; name = Base; path = Base.lproj/Main.storyboard; sourceTree = "<group>"; };
		46894F6A193DE8700086269E /* ViewController.h */ = {isa = PBXFileReference; lastKnownFileType = sourcecode.c.h; path = ViewController.h; sourceTree = "<group>"; };
		46894F6B193DE8700086269E /* ViewController.m */ = {isa = PBXFileReference; lastKnownFileType = sourcecode.c.objc; path = ViewController.m; sourceTree = "<group>"; };
		46894F6D193DE8700086269E /* Images.xcassets */ = {isa = PBXFileReference; lastKnownFileType = folder.assetcatalog; path = Images.xcassets; sourceTree = "<group>"; };
		46894F73193DE8700086269E /* BlocksDemoTests.xctest */ = {isa = PBXFileReference; explicitFileType = wrapper.cfbundle; includeInIndex = 0; path = BlocksDemoTests.xctest; sourceTree = BUILT_PRODUCTS_DIR; };
		46894F74193DE8700086269E /* XCTest.framework */ = {isa = PBXFileReference; lastKnownFileType = wrapper.framework; name = XCTest.framework; path = Library/Frameworks/XCTest.framework; sourceTree = DEVELOPER_DIR; };
		46894F7C193DE8700086269E /* BlocksDemoTests-Info.plist */ = {isa = PBXFileReference; lastKnownFileType = text.plist.xml; path = "BlocksDemoTests-Info.plist"; sourceTree = "<group>"; };
		46894F7E193DE8700086269E /* en */ = {isa = PBXFileReference; lastKnownFileType = text.plist.strings; name = en; path = en.lproj/InfoPlist.strings; sourceTree = "<group>"; };
		46894F80193DE8700086269E /* BlocksDemoTests.m */ = {isa = PBXFileReference; lastKnownFileType = sourcecode.c.objc; path = BlocksDemoTests.m; sourceTree = "<group>"; };
		46894F8A193DE87F0086269E /* QuartzCore.framework */ = {isa = PBXFileReference; lastKnownFileType = wrapper.framework; name = QuartzCore.framework; path = System/Library/Frameworks/QuartzCore.framework; sourceTree = SDKROOT; };
		46894F8E193DE9E50086269E /* ball.png */ = {isa = PBXFileReference; lastKnownFileType = image.png; path = ball.png; sourceTree = "<group>"; };
		46894F8F193DE9E50086269E /* blue.png */ = {isa = PBXFileReference; lastKnownFileType = image.png; path = blue.png; sourceTree = "<group>"; };
		46894F90193DE9E50086269E /* green.png */ = {isa = PBXFileReference; lastKnownFileType = image.png; path = green.png; sourceTree = "<group>"; };
		46894F91193DE9E50086269E /* paddle.png */ = {isa = PBXFileReference; lastKnownFileType = image.png; path = paddle.png; sourceTree = "<group>"; };
		46894F92193DE9E50086269E /* red.png */ = {isa = PBXFileReference; lastKnownFileType = image.png; path = red.png; sourceTree = "<group>"; };
		46894F93193DE9E50086269E /* yellow.png */ = {isa = PBXFileReference; lastKnownFileType = image.png; path = yellow.png; sourceTree = "<group>"; };
		46894F95193DE9E50086269E /* background-music.caf */ = {isa = PBXFileReference; lastKnownFileType = file; path = "background-music.caf"; sourceTree = "<group>"; };
/* End PBXFileReference section */

/* Begin PBXFrameworksBuildPhase section */
		46894F4F193DE86F0086269E /* Frameworks */ = {
			isa = PBXFrameworksBuildPhase;
			buildActionMask = 2147483647;
			files = (
				46894F8B193DE87F0086269E /* QuartzCore.framework in Frameworks */,
				46894F58193DE86F0086269E /* CoreGraphics.framework in Frameworks */,
				46894F5A193DE86F0086269E /* UIKit.framework in Frameworks */,
				46894F56193DE86F0086269E /* Foundation.framework in Frameworks */,
			);
			runOnlyForDeploymentPostprocessing = 0;
		};
		46894F70193DE8700086269E /* Frameworks */ = {
			isa = PBXFrameworksBuildPhase;
			buildActionMask = 2147483647;
			files = (
				46894F75193DE8700086269E /* XCTest.framework in Frameworks */,
				46894F77193DE8700086269E /* UIKit.framework in Frameworks */,
				46894F76193DE8700086269E /* Foundation.framework in Frameworks */,
			);
			runOnlyForDeploymentPostprocessing = 0;
		};
/* End PBXFrameworksBuildPhase section */

/* Begin PBXGroup section */
		46894F49193DE86F0086269E = {
			isa = PBXGroup;
			children = (
				46894F8C193DE9E50086269E /* Resources */,
				46894F5B193DE86F0086269E /* BlocksDemo */,
				46894F7A193DE8700086269E /* BlocksDemoTests */,
				46894F54193DE86F0086269E /* Frameworks */,
				46894F53193DE86F0086269E /* Products */,
			);
			sourceTree = "<group>";
		};
		46894F53193DE86F0086269E /* Products */ = {
			isa = PBXGroup;
			children = (
				46894F52193DE86F0086269E /* BlocksDemo.app */,
				46894F73193DE8700086269E /* BlocksDemoTests.xctest */,
			);
			name = Products;
			sourceTree = "<group>";
		};
		46894F54193DE86F0086269E /* Frameworks */ = {
			isa = PBXGroup;
			children = (
				46894F8A193DE87F0086269E /* QuartzCore.framework */,
				46894F55193DE86F0086269E /* Foundation.framework */,
				46894F57193DE86F0086269E /* CoreGraphics.framework */,
				46894F59193DE86F0086269E /* UIKit.framework */,
				46894F74193DE8700086269E /* XCTest.framework */,
			);
			name = Frameworks;
			sourceTree = "<group>";
		};
		46894F5B193DE86F0086269E /* BlocksDemo */ = {
			isa = PBXGroup;
			children = (
				46894F64193DE8700086269E /* AppDelegate.h */,
				46894F65193DE8700086269E /* AppDelegate.m */,
				46894F67193DE8700086269E /* Main.storyboard */,
				46894F6A193DE8700086269E /* ViewController.h */,
				46894F6B193DE8700086269E /* ViewController.m */,
				46894F6D193DE8700086269E /* Images.xcassets */,
				46894F5C193DE86F0086269E /* Supporting Files */,
			);
			path = BlocksDemo;
			sourceTree = "<group>";
		};
		46894F5C193DE86F0086269E /* Supporting Files */ = {
			isa = PBXGroup;
			children = (
				46894F5D193DE86F0086269E /* BlocksDemo-Info.plist */,
				46894F5E193DE86F0086269E /* InfoPlist.strings */,
				46894F61193DE86F0086269E /* main.m */,
				46894F63193DE86F0086269E /* BlocksDemo-Prefix.pch */,
			);
			name = "Supporting Files";
			sourceTree = "<group>";
		};
		46894F7A193DE8700086269E /* BlocksDemoTests */ = {
			isa = PBXGroup;
			children = (
				46894F80193DE8700086269E /* BlocksDemoTests.m */,
				46894F7B193DE8700086269E /* Supporting Files */,
			);
			path = BlocksDemoTests;
			sourceTree = "<group>";
		};
		46894F7B193DE8700086269E /* Supporting Files */ = {
			isa = PBXGroup;
			children = (
				46894F7C193DE8700086269E /* BlocksDemoTests-Info.plist */,
				46894F7D193DE8700086269E /* InfoPlist.strings */,
			);
			name = "Supporting Files";
			sourceTree = "<group>";
		};
		46894F8C193DE9E50086269E /* Resources */ = {
			isa = PBXGroup;
			children = (
				46894F8D193DE9E50086269E /* Images */,
				46894F94193DE9E50086269E /* Sounds */,
			);
			path = Resources;
			sourceTree = "<group>";
		};
		46894F8D193DE9E50086269E /* Images */ = {
			isa = PBXGroup;
			children = (
				46894F8E193DE9E50086269E /* ball.png */,
				46894F8F193DE9E50086269E /* blue.png */,
				46894F90193DE9E50086269E /* green.png */,
				46894F91193DE9E50086269E /* paddle.png */,
				46894F92193DE9E50086269E /* red.png */,
				46894F93193DE9E50086269E /* yellow.png */,
			);
			path = Images;
			sourceTree = "<group>";
		};
		46894F94193DE9E50086269E /* Sounds */ = {
			isa = PBXGroup;
			children = (
				46894F95193DE9E50086269E /* background-music.caf */,
			);
			path = Sounds;
			sourceTree = "<group>";
		};
/* End PBXGroup section */

/* Begin PBXNativeTarget section */
		46894F51193DE86F0086269E /* BlocksDemo */ = {
			isa = PBXNativeTarget;
			buildConfigurationList = 46894F84193DE8700086269E /* Build configuration list for PBXNativeTarget "BlocksDemo" */;
			buildPhases = (
				46894F4E193DE86F0086269E /* Sources */,
				46894F4F193DE86F0086269E /* Frameworks */,
				46894F50193DE86F0086269E /* Resources */,
			);
			buildRules = (
			);
			dependencies = (
			);
			name = BlocksDemo;
			productName = BlocksDemo;
			productReference = 46894F52193DE86F0086269E /* BlocksDemo.app */;
			productType = "com.apple.product-type.application";
		};
		46894F72193DE8700086269E /* BlocksDemoTests */ = {
			isa = PBXNativeTarget;
			buildConfigurationList = 46894F87193DE8700086269E /* Build configuration list for PBXNativeTarget "BlocksDemoTests" */;
			buildPhases = (
				46894F6F193DE8700086269E /* Sources */,
				46894F70193DE8700086269E /* Frameworks */,
				46894F71193DE8700086269E /* Resources */,
			);
			buildRules = (
			);
			dependencies = (
				46894F79193DE8700086269E /* PBXTargetDependency */,
			);
			name = BlocksDemoTests;
			productName = BlocksDemoTests;
			productReference = 46894F73193DE8700086269E /* BlocksDemoTests.xctest */;
			productType = "com.apple.product-type.bundle.unit-test";
		};
/* End PBXNativeTarget section */

/* Begin PBXProject section */
		46894F4A193DE86F0086269E /* Project object */ = {
			isa = PBXProject;
			attributes = {
				LastUpgradeCheck = 0510;
				ORGANIZATIONNAME = Singer;
				TargetAttributes = {
					46894F72193DE8700086269E = {
						TestTargetID = 46894F51193DE86F0086269E;
					};
				};
			};
			buildConfigurationList = 46894F4D193DE86F0086269E /* Build configuration list for PBXProject "BlocksDemo" */;
			compatibilityVersion = "Xcode 3.2";
			developmentRegion = English;
			hasScannedForEncodings = 0;
			knownRegions = (
				en,
				Base,
			);
			mainGroup = 46894F49193DE86F0086269E;
			productRefGroup = 46894F53193DE86F0086269E /* Products */;
			projectDirPath = "";
			projectRoot = "";
			targets = (
				46894F51193DE86F0086269E /* BlocksDemo */,
				46894F72193DE8700086269E /* BlocksDemoTests */,
			);
		};
/* End PBXProject section */

/* Begin PBXResourcesBuildPhase section */
		46894F50193DE86F0086269E /* Resources */ = {
			isa = PBXResourcesBuildPhase;
			buildActionMask = 2147483647;
			files = (
				46894F6E193DE8700086269E /* Images.xcassets in Resources */,
				46894F9B193DE9E50086269E /* yellow.png in Resources */,
				46894F97193DE9E50086269E /* blue.png in Resources */,
				46894F60193DE86F0086269E /* InfoPlist.strings in Resources */,
				46894F9C193DE9E50086269E /* background-music.caf in Resources */,
				46894F98193DE9E50086269E /* green.png in Resources */,
				46894F96193DE9E50086269E /* ball.png in Resources */,
				46894F9A193DE9E50086269E /* red.png in Resources */,
				46894F99193DE9E50086269E /* paddle.png in Resources */,
				46894F69193DE8700086269E /* Main.storyboard in Resources */,
			);
			runOnlyForDeploymentPostprocessing = 0;
		};
		46894F71193DE8700086269E /* Resources */ = {
			isa = PBXResourcesBuildPhase;
			buildActionMask = 2147483647;
			files = (
				46894F7F193DE8700086269E /* InfoPlist.strings in Resources */,
			);
			runOnlyForDeploymentPostprocessing = 0;
		};
/* End PBXResourcesBuildPhase section */

/* Begin PBXSourcesBuildPhase section */
		46894F4E193DE86F0086269E /* Sources */ = {
			isa = PBXSourcesBuildPhase;
			buildActionMask = 2147483647;
			files = (
				46894F6C193DE8700086269E /* ViewController.m in Sources */,
				46894F66193DE8700086269E /* AppDelegate.m in Sources */,
				46894F62193DE86F0086269E /* main.m in Sources */,
			);
			runOnlyForDeploymentPostprocessing = 0;
		};
		46894F6F193DE8700086269E /* Sources */ = {
			isa = PBXSourcesBuildPhase;
			buildActionMask = 2147483647;
			files = (
				46894F81193DE8700086269E /* BlocksDemoTests.m in Sources */,
			);
			runOnlyForDeploymentPostprocessing = 0;
		};
/* End PBXSourcesBuildPhase section */

/* Begin PBXTargetDependency section */
		46894F79193DE8700086269E /* PBXTargetDependency */ = {
			isa = PBXTargetDependency;
			target = 46894F51193DE86F0086269E /* BlocksDemo */;
			targetProxy = 46894F78193DE8700086269E /* PBXContainerItemProxy */;
		};
/* End PBXTargetDependency section */

/* Begin PBXVariantGroup section */
		46894F5E193DE86F0086269E /* InfoPlist.strings */ = {
			isa = PBXVariantGroup;
			children = (
				46894F5F193DE86F0086269E /* en */,
			);
			name = InfoPlist.strings;
			sourceTree = "<group>";
		};
		46894F67193DE8700086269E /* Main.storyboard */ = {
			isa = PBXVariantGroup;
			children = (
				46894F68193DE8700086269E /* Base */,
			);
			name = Main.storyboard;
			sourceTree = "<group>";
		};
		46894F7D193DE8700086269E /* InfoPlist.strings */ = {
			isa = PBXVariantGroup;
			children = (
				46894F7E193DE8700086269E /* en */,
			);
			name = InfoPlist.strings;
			sourceTree = "<group>";
		};
/* End PBXVariantGroup section */

/* Begin XCBuildConfiguration section */
		46894F82193DE8700086269E /* Debug */ = {
			isa = XCBuildConfiguration;
			buildSettings = {
				ALWAYS_SEARCH_USER_PATHS = NO;
				CLANG_CXX_LANGUAGE_STANDARD = "gnu++0x";
				CLANG_CXX_LIBRARY = "libc++";
				CLANG_ENABLE_MODULES = YES;
				CLANG_ENABLE_OBJC_ARC = YES;
				CLANG_WARN_BOOL_CONVERSION = YES;
				CLANG_WARN_CONSTANT_CONVERSION = YES;
				CLANG_WARN_DIRECT_OBJC_ISA_USAGE = YES_ERROR;
				CLANG_WARN_EMPTY_BODY = YES;
				CLANG_WARN_ENUM_CONVERSION = YES;
				CLANG_WARN_INT_CONVERSION = YES;
				CLANG_WARN_OBJC_ROOT_CLASS = YES_ERROR;
				CLANG_WARN__DUPLICATE_METHOD_MATCH = YES;
				"CODE_SIGN_IDENTITY[sdk=iphoneos*]" = "iPhone Developer";
				COPY_PHASE_STRIP = NO;
				GCC_C_LANGUAGE_STANDARD = gnu99;
				GCC_DYNAMIC_NO_PIC = NO;
				GCC_OPTIMIZATION_LEVEL = 0;
				GCC_PREPROCESSOR_DEFINITIONS = (
					"DEBUG=1",
					"$(inherited)",
				);
				GCC_SYMBOLS_PRIVATE_EXTERN = NO;
				GCC_WARN_64_TO_32_BIT_CONVERSION = YES;
				GCC_WARN_ABOUT_RETURN_TYPE = YES_ERROR;
				GCC_WARN_UNDECLARED_SELECTOR = YES;
				GCC_WARN_UNINITIALIZED_AUTOS = YES_AGGRESSIVE;
				GCC_WARN_UNUSED_FUNCTION = YES;
				GCC_WARN_UNUSED_VARIABLE = YES;
				IPHONEOS_DEPLOYMENT_TARGET = 7.1;
				ONLY_ACTIVE_ARCH = YES;
				SDKROOT = iphoneos;
			};
			name = Debug;
		};
		46894F83193DE8700086269E /* Release */ = {
			isa = XCBuildConfiguration;
			buildSettings = {
				ALWAYS_SEARCH_USER_PATHS = NO;
				CLANG_CXX_LANGUAGE_STANDARD = "gnu++0x";
				CLANG_CXX_LIBRARY = "libc++";
				CLANG_ENABLE_MODULES = YES;
				CLANG_ENABLE_OBJC_ARC = YES;
				CLANG_WARN_BOOL_CONVERSION = YES;
				CLANG_WARN_CONSTANT_CONVERSION = YES;
				CLANG_WARN_DIRECT_OBJC_ISA_USAGE = YES_ERROR;
				CLANG_WARN_EMPTY_BODY = YES;
				CLANG_WARN_ENUM_CONVERSION = YES;
				CLANG_WARN_INT_CONVERSION = YES;
				CLANG_WARN_OBJC_ROOT_CLASS = YES_ERROR;
				CLANG_WARN__DUPLICATE_METHOD_MATCH = YES;
				"CODE_SIGN_IDENTITY[sdk=iphoneos*]" = "iPhone Developer";
				COPY_PHASE_STRIP = YES;
				ENABLE_NS_ASSERTIONS = NO;
				GCC_C_LANGUAGE_STANDARD = gnu99;
				GCC_WARN_64_TO_32_BIT_CONVERSION = YES;
				GCC_WARN_ABOUT_RETURN_TYPE = YES_ERROR;
				GCC_WARN_UNDECLARED_SELECTOR = YES;
				GCC_WARN_UNINITIALIZED_AUTOS = YES_AGGRESSIVE;
				GCC_WARN_UNUSED_FUNCTION = YES;
				GCC_WARN_UNUSED_VARIABLE = YES;
				IPHONEOS_DEPLOYMENT_TARGET = 7.1;
				SDKROOT = iphoneos;
				VALIDATE_PRODUCT = YES;
			};
			name = Release;
		};
		46894F85193DE8700086269E /* Debug */ = {
			isa = XCBuildConfiguration;
			buildSettings = {
				ASSETCATALOG_COMPILER_APPICON_NAME = AppIcon;
				ASSETCATALOG_COMPILER_LAUNCHIMAGE_NAME = LaunchImage;
				GCC_PRECOMPILE_PREFIX_HEADER = YES;
				GCC_PREFIX_HEADER = "BlocksDemo/BlocksDemo-Prefix.pch";
				INFOPLIST_FILE = "BlocksDemo/BlocksDemo-Info.plist";
				PRODUCT_NAME = "$(TARGET_NAME)";
				WRAPPER_EXTENSION = app;
			};
			name = Debug;
		};
		46894F86193DE8700086269E /* Release */ = {
			isa = XCBuildConfiguration;
			buildSettings = {
				ASSETCATALOG_COMPILER_APPICON_NAME = AppIcon;
				ASSETCATALOG_COMPILER_LAUNCHIMAGE_NAME = LaunchImage;
				GCC_PRECOMPILE_PREFIX_HEADER = YES;
				GCC_PREFIX_HEADER = "BlocksDemo/BlocksDemo-Prefix.pch";
				INFOPLIST_FILE = "BlocksDemo/BlocksDemo-Info.plist";
				PRODUCT_NAME = "$(TARGET_NAME)";
				WRAPPER_EXTENSION = app;
			};
			name = Release;
		};
		46894F88193DE8700086269E /* Debug */ = {
			isa = XCBuildConfiguration;
			buildSettings = {
				BUNDLE_LOADER = "$(BUILT_PRODUCTS_DIR)/BlocksDemo.app/BlocksDemo";
				FRAMEWORK_SEARCH_PATHS = (
					"$(SDKROOT)/Developer/Library/Frameworks",
					"$(inherited)",
					"$(DEVELOPER_FRAMEWORKS_DIR)",
				);
				GCC_PRECOMPILE_PREFIX_HEADER = YES;
				GCC_PREFIX_HEADER = "BlocksDemo/BlocksDemo-Prefix.pch";
				GCC_PREPROCESSOR_DEFINITIONS = (
					"DEBUG=1",
					"$(inherited)",
				);
				INFOPLIST_FILE = "BlocksDemoTests/BlocksDemoTests-Info.plist";
				PRODUCT_NAME = "$(TARGET_NAME)";
				TEST_HOST = "$(BUNDLE_LOADER)";
				WRAPPER_EXTENSION = xctest;
			};
			name = Debug;
		};
		46894F89193DE8700086269E /* Release */ = {
			isa = XCBuildConfiguration;
			buildSettings = {
				BUNDLE_LOADER = "$(BUILT_PRODUCTS_DIR)/BlocksDemo.app/BlocksDemo";
				FRAMEWORK_SEARCH_PATHS = (
					"$(SDKROOT)/Developer/Library/Frameworks",
					"$(inherited)",
					"$(DEVELOPER_FRAMEWORKS_DIR)",
				);
				GCC_PRECOMPILE_PREFIX_HEADER = YES;
				GCC_PREFIX_HEADER = "BlocksDemo/BlocksDemo-Prefix.pch";
				INFOPLIST_FILE = "BlocksDemoTests/BlocksDemoTests-Info.plist";
				PRODUCT_NAME = "$(TARGET_NAME)";
				TEST_HOST = "$(BUNDLE_LOADER)";
				WRAPPER_EXTENSION = xctest;
			};
			name = Release;
		};
/* End XCBuildConfiguration section */

/* Begin XCConfigurationList section */
		46894F4D193DE86F0086269E /* Build configuration list for PBXProject "BlocksDemo" */ = {
			isa = XCConfigurationList;
			buildConfigurations = (
				46894F82193DE8700086269E /* Debug */,
				46894F83193DE8700086269E /* Release */,
			);
			defaultConfigurationIsVisible = 0;
			defaultConfigurationName = Release;
		};
		46894F84193DE8700086269E /* Build configuration list for PBXNativeTarget "BlocksDemo" */ = {
			isa = XCConfigurationList;
			buildConfigurations = (
				46894F85193DE8700086269E /* Debug */,
				46894F86193DE8700086269E /* Release */,
			);
			defaultConfigurationIsVisible = 0;
		};
		46894F87193DE8700086269E /* Build configuration list for PBXNativeTarget "BlocksDemoTests" */ = {
			isa = XCConfigurationList;
			buildConfigurations = (
				46894F88193DE8700086269E /* Debug */,
				46894F89193DE8700086269E /* Release */,
			);
			defaultConfigurationIsVisible = 0;
		};
/* End XCConfigurationList section */
	};
	rootObject = 46894F4A193DE86F0086269E /* Project object */;
}
